
Microsoft Visual Studio Solution File, Format Version 12.00
# Visual Studio Version 17
VisualStudioVersion = 17.1.32421.90
MinimumVisualStudioVersion = 10.0.40219.1
Project("{2150E333-8FDC-42A3-9474-1A3956D46DE8}") = "src", "src", "{BDBED12A-88DD-4B64-AB31-076ACD3BCA6F}"
EndProject
Project("{9A19103F-16F7-4668-BE54-9A1E7A4F7556}") = "Domain", "Domain\Domain.csproj", "{28CCAC62-AED2-44A4-BEA0-80BCA874EA4D}"
EndProject
Project("{9A19103F-16F7-4668-BE54-9A1E7A4F7556}") = "Data", "Data\Data.csproj", "{7C6A7665-2709-4BB0-B864-AD355419F29B}"
EndProject
Project("{9A19103F-16F7-4668-BE54-9A1E7A4F7556}") = "WebBlazor", "WebBlazor\WebBlazor.csproj", "{1D60AF08-9634-4257-9DCA-9B09841C7C04}"
EndProject
Project("{9A19103F-16F7-4668-BE54-9A1E7A4F7556}") = "Application", "Application\Application.csproj", "{D5196D8B-A214-4CA9-8DFE-7366E6411259}"
EndProject
Project("{9A19103F-16F7-4668-BE54-9A1E7A4F7556}") = "WebMVC", "WebMVC\WebMVC.csproj", "{7D389EDE-A1EB-4668-8773-626E716F93DE}"
EndProject
Global
	GlobalSection(SolutionConfigurationPlatforms) = preSolution
		Debug|Any CPU = Debug|Any CPU
		Release|Any CPU = Release|Any CPU
	EndGlobalSection
	GlobalSection(ProjectConfigurationPlatforms) = postSolution
		{28CCAC62-AED2-44A4-BEA0-80BCA874EA4D}.Debug|Any CPU.ActiveCfg = Debug|Any CPU
		{28CCAC62-AED2-44A4-BEA0-80BCA874EA4D}.Debug|Any CPU.Build.0 = Debug|Any CPU
		{28CCAC62-AED2-44A4-BEA0-80BCA874EA4D}.Release|Any CPU.ActiveCfg = Release|Any CPU
		{28CCAC62-AED2-44A4-BEA0-80BCA874EA4D}.Release|Any CPU.Build.0 = Release|Any CPU
		{7C6A7665-2709-4BB0-B864-AD355419F29B}.Debug|Any CPU.ActiveCfg = Debug|Any CPU
		{7C6A7665-2709-4BB0-B864-AD355419F29B}.Debug|Any CPU.Build.0 = Debug|Any CPU
		{7C6A7665-2709-4BB0-B864-AD355419F29B}.Release|Any CPU.ActiveCfg = Release|Any CPU
		{7C6A7665-2709-4BB0-B864-AD355419F29B}.Release|Any CPU.Build.0 = Release|Any CPU
		{1D60AF08-9634-4257-9DCA-9B09841C7C04}.Debug|Any CPU.ActiveCfg = Debug|Any CPU
		{1D60AF08-9634-4257-9DCA-9B09841C7C04}.Debug|Any CPU.Build.0 = Debug|Any CPU
		{1D60AF08-9634-4257-9DCA-9B09841C7C04}.Release|Any CPU.ActiveCfg = Release|Any CPU
		{1D60AF08-9634-4257-9DCA-9B09841C7C04}.Release|Any CPU.Build.0 = Release|Any CPU
		{D5196D8B-A214-4CA9-8DFE-7366E6411259}.Debug|Any CPU.ActiveCfg = Debug|Any CPU
		{D5196D8B-A214-4CA9-8DFE-7366E6411259}.Debug|Any CPU.Build.0 = Debug|Any CPU
		{D5196D8B-A214-4CA9-8DFE-7366E6411259}.Release|Any CPU.ActiveCfg = Release|Any CPU
		{D5196D8B-A214-4CA9-8DFE-7366E6411259}.Release|Any CPU.Build.0 = Release|Any CPU
		{7D389EDE-A1EB-4668-8773-626E716F93DE}.Debug|Any CPU.ActiveCfg = Debug|Any CPU
		{7D389EDE-A1EB-4668-8773-626E716F93DE}.Debug|Any CPU.Build.0 = Debug|Any CPU
		{7D389EDE-A1EB-4668-8773-626E716F93DE}.Release|Any CPU.ActiveCfg = Release|Any CPU
		{7D389EDE-A1EB-4668-8773-626E716F93DE}.Release|Any CPU.Build.0 = Release|Any CPU
	EndGlobalSection
	GlobalSection(SolutionProperties) = preSolution
		HideSolutionNode = FALSE
	EndGlobalSection
	GlobalSection(NestedProjects) = preSolution
		{28CCAC62-AED2-44A4-BEA0-80BCA874EA4D} = {BDBED12A-88DD-4B64-AB31-076ACD3BCA6F}
		{7C6A7665-2709-4BB0-B864-AD355419F29B} = {BDBED12A-88DD-4B64-AB31-076ACD3BCA6F}
		{1D60AF08-9634-4257-9DCA-9B09841C7C04} = {BDBED12A-88DD-4B64-AB31-076ACD3BCA6F}
		{D5196D8B-A214-4CA9-8DFE-7366E6411259} = {BDBED12A-88DD-4B64-AB31-076ACD3BCA6F}
		{7D389EDE-A1EB-4668-8773-626E716F93DE} = {BDBED12A-88DD-4B64-AB31-076ACD3BCA6F}
	EndGlobalSection
	GlobalSection(ExtensibilityGlobals) = postSolution
		SolutionGuid = {02F346B4-BFDE-45C4-BADF-3A21F7E19F63}
	EndGlobalSection
EndGlobal
